
Microsoft Visual Studio Solution File, Format Version 12.00
# Visual Studio Version 16
VisualStudioVersion = 16.0.29324.140
MinimumVisualStudioVersion = 10.0.40219.1
Project("{FAE04EC0-301F-11D3-BF4B-00C04F79EFBC}") = "FallingObjectTobiV2", "FallingObjectTobiV2\FallingObjectTobiV2.csproj", "{3DA8F20B-14BF-4C16-9833-F0E2DBDCC550}"
EndProject
Global
	GlobalSection(SolutionConfigurationPlatforms) = preSolution
		Debug|Any CPU = Debug|Any CPU
		Release|Any CPU = Release|Any CPU
	EndGlobalSection
	GlobalSection(ProjectConfigurationPlatforms) = postSolution
		{3DA8F20B-14BF-4C16-9833-F0E2DBDCC550}.Debug|Any CPU.ActiveCfg = Debug|Any CPU
		{3DA8F20B-14BF-4C16-9833-F0E2DBDCC550}.Debug|Any CPU.Build.0 = Debug|Any CPU
		{3DA8F20B-14BF-4C16-9833-F0E2DBDCC550}.Release|Any CPU.ActiveCfg = Release|Any CPU
		{3DA8F20B-14BF-4C16-9833-F0E2DBDCC550}.Release|Any CPU.Build.0 = Release|Any CPU
	EndGlobalSection
	GlobalSection(SolutionProperties) = preSolution
		HideSolutionNode = FALSE
	EndGlobalSection
	GlobalSection(ExtensibilityGlobals) = postSolution
		SolutionGuid = {D536267E-1CFB-48AF-A68E-4F840C477AA8}
	EndGlobalSection
EndGlobal
